
Microsoft Visual Studio Solution File, Format Version 12.00
# Visual Studio Version 17
VisualStudioVersion = 17.5.33424.131
MinimumVisualStudioVersion = 10.0.40219.1
Project("{9A19103F-16F7-4668-BE54-9A1E7A4F7556}") = "Buber.API", "Buber.API\Buber.API.csproj", "{ADE8CC01-F988-440B-8931-B27676F2ABE1}"
EndProject
Project("{9A19103F-16F7-4668-BE54-9A1E7A4F7556}") = "Buber.Contract", "Buber.Contract\Buber.Contract.csproj", "{71C93E37-7D42-4BB1-9487-AFA147BA7386}"
EndProject
Project("{9A19103F-16F7-4668-BE54-9A1E7A4F7556}") = "Buber.Application", "Buber.Application\Buber.Application.csproj", "{0FF635B5-6FD7-40D5-A679-434F9C202B5F}"
EndProject
Project("{9A19103F-16F7-4668-BE54-9A1E7A4F7556}") = "Buber.Domain", "Buber.Domain\Buber.Domain.csproj", "{30FFF35E-B4C9-4FC1-892F-E37C06B964F0}"
EndProject
Project("{FAE04EC0-301F-11D3-BF4B-00C04F79EFBC}") = "Buber.Infrastructure", "Buber.Infrastructure\Buber.Infrastructure.csproj", "{78615D0F-3A85-4CF5-AAB1-9A4C5D4D23E1}"
EndProject
Global
	GlobalSection(SolutionConfigurationPlatforms) = preSolution
		Debug|Any CPU = Debug|Any CPU
		Release|Any CPU = Release|Any CPU
	EndGlobalSection
	GlobalSection(ProjectConfigurationPlatforms) = postSolution
		{ADE8CC01-F988-440B-8931-B27676F2ABE1}.Debug|Any CPU.ActiveCfg = Debug|Any CPU
		{ADE8CC01-F988-440B-8931-B27676F2ABE1}.Debug|Any CPU.Build.0 = Debug|Any CPU
		{ADE8CC01-F988-440B-8931-B27676F2ABE1}.Release|Any CPU.ActiveCfg = Release|Any CPU
		{ADE8CC01-F988-440B-8931-B27676F2ABE1}.Release|Any CPU.Build.0 = Release|Any CPU
		{71C93E37-7D42-4BB1-9487-AFA147BA7386}.Debug|Any CPU.ActiveCfg = Debug|Any CPU
		{71C93E37-7D42-4BB1-9487-AFA147BA7386}.Debug|Any CPU.Build.0 = Debug|Any CPU
		{71C93E37-7D42-4BB1-9487-AFA147BA7386}.Release|Any CPU.ActiveCfg = Release|Any CPU
		{71C93E37-7D42-4BB1-9487-AFA147BA7386}.Release|Any CPU.Build.0 = Release|Any CPU
		{0FF635B5-6FD7-40D5-A679-434F9C202B5F}.Debug|Any CPU.ActiveCfg = Debug|Any CPU
		{0FF635B5-6FD7-40D5-A679-434F9C202B5F}.Debug|Any CPU.Build.0 = Debug|Any CPU
		{0FF635B5-6FD7-40D5-A679-434F9C202B5F}.Release|Any CPU.ActiveCfg = Release|Any CPU
		{0FF635B5-6FD7-40D5-A679-434F9C202B5F}.Release|Any CPU.Build.0 = Release|Any CPU
		{30FFF35E-B4C9-4FC1-892F-E37C06B964F0}.Debug|Any CPU.ActiveCfg = Debug|Any CPU
		{30FFF35E-B4C9-4FC1-892F-E37C06B964F0}.Debug|Any CPU.Build.0 = Debug|Any CPU
		{30FFF35E-B4C9-4FC1-892F-E37C06B964F0}.Release|Any CPU.ActiveCfg = Release|Any CPU
		{30FFF35E-B4C9-4FC1-892F-E37C06B964F0}.Release|Any CPU.Build.0 = Release|Any CPU
		{78615D0F-3A85-4CF5-AAB1-9A4C5D4D23E1}.Debug|Any CPU.ActiveCfg = Debug|Any CPU
		{78615D0F-3A85-4CF5-AAB1-9A4C5D4D23E1}.Debug|Any CPU.Build.0 = Debug|Any CPU
		{78615D0F-3A85-4CF5-AAB1-9A4C5D4D23E1}.Release|Any CPU.ActiveCfg = Release|Any CPU
		{78615D0F-3A85-4CF5-AAB1-9A4C5D4D23E1}.Release|Any CPU.Build.0 = Release|Any CPU
	EndGlobalSection
	GlobalSection(SolutionProperties) = preSolution
		HideSolutionNode = FALSE
	EndGlobalSection
	GlobalSection(ExtensibilityGlobals) = postSolution
		SolutionGuid = {BCD44DC7-6462-483B-A233-D87A94930D11}
	EndGlobalSection
EndGlobal
